
Microsoft Visual Studio Solution File, Format Version 12.00
# Visual Studio 15
VisualStudioVersion = 15.0.28307.271
MinimumVisualStudioVersion = 10.0.40219.1
Project("{9A19103F-16F7-4668-BE54-9A1E7A4F7556}") = "TakeItEasyProject", "TakeItEasyProject\TakeItEasyProject.csproj", "{DD95C044-DE76-4FFF-9031-E65DC04D0E41}"
EndProject
Project("{9A19103F-16F7-4668-BE54-9A1E7A4F7556}") = "DataAccessReader", "DataAccess\DataAccessReader.csproj", "{F9A1A2C2-0D5F-44B8-9717-3E147B1950E0}"
EndProject
Project("{9A19103F-16F7-4668-BE54-9A1E7A4F7556}") = "DataAccessWriter", "DataAccessWriter\DataAccessWriter.csproj", "{02730EDB-E365-4AC0-8103-0A87BD8F3BA2}"
EndProject
Project("{2150E333-8FDC-42A3-9474-1A3956D46DE8}") = "02.DataAccessLayer", "02.DataAccessLayer", "{FA054A67-1756-4337-993C-ABAF7E688D03}"
EndProject
Project("{2150E333-8FDC-42A3-9474-1A3956D46DE8}") = "03.BusinessLayer", "03.BusinessLayer", "{167C6B84-5FA9-4FF3-941F-2751A3BBF8A2}"
EndProject
Project("{9A19103F-16F7-4668-BE54-9A1E7A4F7556}") = "BusinessLogicReader", "BusinessLogicReader\BusinessLogicReader.csproj", "{FEC7CCD2-1998-4929-B718-0CEBFEBA2284}"
EndProject
Project("{9A19103F-16F7-4668-BE54-9A1E7A4F7556}") = "BusinessLogicWriter", "BusinessLogicWriter\BusinessLogicWriter.csproj", "{F7284F3D-036D-4590-BFD7-A6B066B3E451}"
EndProject
Project("{2150E333-8FDC-42A3-9474-1A3956D46DE8}") = "04.PresentationLayer", "04.PresentationLayer", "{7D66CD29-039C-42DD-8F1A-7CF285B73956}"
EndProject
Project("{2150E333-8FDC-42A3-9474-1A3956D46DE8}") = "01.CoreDomainLayer", "01.CoreDomainLayer", "{E8A8CB51-B970-4A4E-850F-03DCC7EEAD15}"
EndProject
Project("{9A19103F-16F7-4668-BE54-9A1E7A4F7556}") = "Persistence", "Persistence\Persistence.csproj", "{D589C0B5-4475-42F0-9A98-6FC8A7E15269}"
EndProject
Project("{2150E333-8FDC-42A3-9474-1A3956D46DE8}") = "Entities", "Entities", "{0868E10A-0E98-4877-8E95-3493150CAD82}"
EndProject
Project("{9A19103F-16F7-4668-BE54-9A1E7A4F7556}") = "Entities", "Entities\Entities.csproj", "{652C0BB4-831C-4E82-B19A-BDC21850E0A0}"
EndProject
Project("{2150E333-8FDC-42A3-9474-1A3956D46DE8}") = "Models", "Models", "{BFFD7F5D-661F-46CF-B926-FD12EFDF346A}"
EndProject
Project("{9A19103F-16F7-4668-BE54-9A1E7A4F7556}") = "Models", "Models\Models.csproj", "{CC5C37FF-57ED-48F1-A413-5393E20BD94D}"
EndProject
Project("{9A19103F-16F7-4668-BE54-9A1E7A4F7556}") = "BusinessLogicCommon", "BusinessLogicCommon\BusinessLogicCommon.csproj", "{E1D6124B-5F93-4D3A-AF5E-55AE3235B75C}"
EndProject
Global
	GlobalSection(SolutionConfigurationPlatforms) = preSolution
		Debug|Any CPU = Debug|Any CPU
		Release|Any CPU = Release|Any CPU
	EndGlobalSection
	GlobalSection(ProjectConfigurationPlatforms) = postSolution
		{DD95C044-DE76-4FFF-9031-E65DC04D0E41}.Debug|Any CPU.ActiveCfg = Debug|Any CPU
		{DD95C044-DE76-4FFF-9031-E65DC04D0E41}.Debug|Any CPU.Build.0 = Debug|Any CPU
		{DD95C044-DE76-4FFF-9031-E65DC04D0E41}.Release|Any CPU.ActiveCfg = Release|Any CPU
		{DD95C044-DE76-4FFF-9031-E65DC04D0E41}.Release|Any CPU.Build.0 = Release|Any CPU
		{F9A1A2C2-0D5F-44B8-9717-3E147B1950E0}.Debug|Any CPU.ActiveCfg = Debug|Any CPU
		{F9A1A2C2-0D5F-44B8-9717-3E147B1950E0}.Debug|Any CPU.Build.0 = Debug|Any CPU
		{F9A1A2C2-0D5F-44B8-9717-3E147B1950E0}.Release|Any CPU.ActiveCfg = Release|Any CPU
		{F9A1A2C2-0D5F-44B8-9717-3E147B1950E0}.Release|Any CPU.Build.0 = Release|Any CPU
		{02730EDB-E365-4AC0-8103-0A87BD8F3BA2}.Debug|Any CPU.ActiveCfg = Debug|Any CPU
		{02730EDB-E365-4AC0-8103-0A87BD8F3BA2}.Debug|Any CPU.Build.0 = Debug|Any CPU
		{02730EDB-E365-4AC0-8103-0A87BD8F3BA2}.Release|Any CPU.ActiveCfg = Release|Any CPU
		{02730EDB-E365-4AC0-8103-0A87BD8F3BA2}.Release|Any CPU.Build.0 = Release|Any CPU
		{FEC7CCD2-1998-4929-B718-0CEBFEBA2284}.Debug|Any CPU.ActiveCfg = Debug|Any CPU
		{FEC7CCD2-1998-4929-B718-0CEBFEBA2284}.Debug|Any CPU.Build.0 = Debug|Any CPU
		{FEC7CCD2-1998-4929-B718-0CEBFEBA2284}.Release|Any CPU.ActiveCfg = Release|Any CPU
		{FEC7CCD2-1998-4929-B718-0CEBFEBA2284}.Release|Any CPU.Build.0 = Release|Any CPU
		{F7284F3D-036D-4590-BFD7-A6B066B3E451}.Debug|Any CPU.ActiveCfg = Debug|Any CPU
		{F7284F3D-036D-4590-BFD7-A6B066B3E451}.Debug|Any CPU.Build.0 = Debug|Any CPU
		{F7284F3D-036D-4590-BFD7-A6B066B3E451}.Release|Any CPU.ActiveCfg = Release|Any CPU
		{F7284F3D-036D-4590-BFD7-A6B066B3E451}.Release|Any CPU.Build.0 = Release|Any CPU
		{D589C0B5-4475-42F0-9A98-6FC8A7E15269}.Debug|Any CPU.ActiveCfg = Debug|Any CPU
		{D589C0B5-4475-42F0-9A98-6FC8A7E15269}.Debug|Any CPU.Build.0 = Debug|Any CPU
		{D589C0B5-4475-42F0-9A98-6FC8A7E15269}.Release|Any CPU.ActiveCfg = Release|Any CPU
		{D589C0B5-4475-42F0-9A98-6FC8A7E15269}.Release|Any CPU.Build.0 = Release|Any CPU
		{652C0BB4-831C-4E82-B19A-BDC21850E0A0}.Debug|Any CPU.ActiveCfg = Debug|Any CPU
		{652C0BB4-831C-4E82-B19A-BDC21850E0A0}.Debug|Any CPU.Build.0 = Debug|Any CPU
		{652C0BB4-831C-4E82-B19A-BDC21850E0A0}.Release|Any CPU.ActiveCfg = Release|Any CPU
		{652C0BB4-831C-4E82-B19A-BDC21850E0A0}.Release|Any CPU.Build.0 = Release|Any CPU
		{CC5C37FF-57ED-48F1-A413-5393E20BD94D}.Debug|Any CPU.ActiveCfg = Debug|Any CPU
		{CC5C37FF-57ED-48F1-A413-5393E20BD94D}.Debug|Any CPU.Build.0 = Debug|Any CPU
		{CC5C37FF-57ED-48F1-A413-5393E20BD94D}.Release|Any CPU.ActiveCfg = Release|Any CPU
		{CC5C37FF-57ED-48F1-A413-5393E20BD94D}.Release|Any CPU.Build.0 = Release|Any CPU
		{E1D6124B-5F93-4D3A-AF5E-55AE3235B75C}.Debug|Any CPU.ActiveCfg = Debug|Any CPU
		{E1D6124B-5F93-4D3A-AF5E-55AE3235B75C}.Debug|Any CPU.Build.0 = Debug|Any CPU
		{E1D6124B-5F93-4D3A-AF5E-55AE3235B75C}.Release|Any CPU.ActiveCfg = Release|Any CPU
		{E1D6124B-5F93-4D3A-AF5E-55AE3235B75C}.Release|Any CPU.Build.0 = Release|Any CPU
	EndGlobalSection
	GlobalSection(SolutionProperties) = preSolution
		HideSolutionNode = FALSE
	EndGlobalSection
	GlobalSection(NestedProjects) = preSolution
		{DD95C044-DE76-4FFF-9031-E65DC04D0E41} = {7D66CD29-039C-42DD-8F1A-7CF285B73956}
		{F9A1A2C2-0D5F-44B8-9717-3E147B1950E0} = {FA054A67-1756-4337-993C-ABAF7E688D03}
		{02730EDB-E365-4AC0-8103-0A87BD8F3BA2} = {FA054A67-1756-4337-993C-ABAF7E688D03}
		{FEC7CCD2-1998-4929-B718-0CEBFEBA2284} = {167C6B84-5FA9-4FF3-941F-2751A3BBF8A2}
		{F7284F3D-036D-4590-BFD7-A6B066B3E451} = {167C6B84-5FA9-4FF3-941F-2751A3BBF8A2}
		{D589C0B5-4475-42F0-9A98-6FC8A7E15269} = {E8A8CB51-B970-4A4E-850F-03DCC7EEAD15}
		{652C0BB4-831C-4E82-B19A-BDC21850E0A0} = {0868E10A-0E98-4877-8E95-3493150CAD82}
		{CC5C37FF-57ED-48F1-A413-5393E20BD94D} = {BFFD7F5D-661F-46CF-B926-FD12EFDF346A}
		{E1D6124B-5F93-4D3A-AF5E-55AE3235B75C} = {167C6B84-5FA9-4FF3-941F-2751A3BBF8A2}
	EndGlobalSection
	GlobalSection(ExtensibilityGlobals) = postSolution
		SolutionGuid = {F20594E3-9C34-486A-9BCC-B58AB36A9E9F}
	EndGlobalSection
EndGlobal
